
Microsoft Visual Studio Solution File, Format Version 12.00
# Visual Studio Version 17
VisualStudioVersion = 17.4.33213.308
MinimumVisualStudioVersion = 10.0.40219.1
Project("{FAE04EC0-301F-11D3-BF4B-00C04F79EFBC}") = "lab6", "lab6\lab6.csproj", "{A5C1B77D-3D02-408E-9491-ED1CE00B82B8}"
EndProject
Global
	GlobalSection(SolutionConfigurationPlatforms) = preSolution
		Debug|Any CPU = Debug|Any CPU
		Release|Any CPU = Release|Any CPU
	EndGlobalSection
	GlobalSection(ProjectConfigurationPlatforms) = postSolution
		{A5C1B77D-3D02-408E-9491-ED1CE00B82B8}.Debug|Any CPU.ActiveCfg = Debug|Any CPU
		{A5C1B77D-3D02-408E-9491-ED1CE00B82B8}.Debug|Any CPU.Build.0 = Debug|Any CPU
		{A5C1B77D-3D02-408E-9491-ED1CE00B82B8}.Release|Any CPU.ActiveCfg = Release|Any CPU
		{A5C1B77D-3D02-408E-9491-ED1CE00B82B8}.Release|Any CPU.Build.0 = Release|Any CPU
	EndGlobalSection
	GlobalSection(SolutionProperties) = preSolution
		HideSolutionNode = FALSE
	EndGlobalSection
	GlobalSection(ExtensibilityGlobals) = postSolution
		SolutionGuid = {AEF5E856-098D-4D0A-9013-F03266070952}
	EndGlobalSection
EndGlobal
